<?xml version="1.0" encoding="utf-8"?>
<Project ToolsVersion="4.0" xmlns="http://schemas.microsoft.com/developer/msbuild/2003">
  <ItemGroup>
    <Filter Include="소스 파일">
      <UniqueIdentifier>{4FC737F1-C7A5-4376-A066-2A32D752A2FF}</UniqueIdentifier>
      <Extensions>cpp;c;cc;cxx;def;odl;idl;hpj;bat;asm;asmx</Extensions>
    </Filter>
    <Filter Include="헤더 파일">
      <UniqueIdentifier>{93995380-89BD-4b04-88EB-625FBE52EBFB}</UniqueIdentifier>
      <Extensions>h;hh;hpp;hxx;hm;inl;inc;xsd</Extensions>
    </Filter>
    <Filter Include="리소스 파일">
      <UniqueIdentifier>{67DA6AB6-F800-4c08-8B7A-83BB121AAD01}</UniqueIdentifier>
      <Extensions>rc;ico;cur;bmp;dlg;rc2;rct;bin;rgs;gif;jpg;jpeg;jpe;resx;tiff;tif;png;wav;mfcribbon-ms</Extensions>
    </Filter>
    <Filter Include="External File">
      <UniqueIdentifier>{1d299c63-2b71-4f9c-a318-fb8b36fd1690}</UniqueIdentifier>
    </Filter>
    <Filter Include="소스 파일\Error Handling">
      <UniqueIdentifier>{ee1205a9-8e65-4666-8fcc-fee762aa25b4}</UniqueIdentifier>
    </Filter>
    <Filter Include="소스 파일\Engine">
      <UniqueIdentifier>{f97c09d2-3515-48bb-b617-d979eabc2bd7}</UniqueIdentifier>
    </Filter>
  </ItemGroup>
  <ItemGroup>
    <None Include="..\..\README.md">
      <Filter>External File</Filter>
    </None>
    <None Include="Error Handling\Error_Handling.md">
      <Filter>소스 파일\Error Handling</Filter>
    </None>
  </ItemGroup>
  <ItemGroup>
    <ClCompile Include="main.cpp">
      <Filter>소스 파일</Filter>
    </ClCompile>
    <ClCompile Include="Error Handling\KLogger.cpp">
      <Filter>소스 파일\Error Handling</Filter>
    </ClCompile>
    <ClCompile Include="Error Handling\KException.cpp">
      <Filter>소스 파일\Error Handling</Filter>
    </ClCompile>
    <ClCompile Include="Engine\Engine.cpp">
      <Filter>소스 파일\Engine</Filter>
    </ClCompile>
  </ItemGroup>
  <ItemGroup>
    <ClInclude Include="Error Handling\KLogger.h">
      <Filter>소스 파일\Error Handling</Filter>
    </ClInclude>
    <ClInclude Include="Error Handling\KException.h">
      <Filter>소스 파일\Error Handling</Filter>
    </ClInclude>
    <ClInclude Include="Engine\Engine.h">
      <Filter>소스 파일\Engine</Filter>
    </ClInclude>
    <ClInclude Include="Error Handling\Error.h">
      <Filter>소스 파일\Error Handling</Filter>
    </ClInclude>
  </ItemGroup>
  <ItemGroup>
    <Text Include="WorkSchedule.txt">
      <Filter>소스 파일</Filter>
    </Text>
  </ItemGroup>
</Project>